
Microsoft Visual Studio Solution File, Format Version 12.00
# Visual Studio Version 17
VisualStudioVersion = 17.2.32516.85
MinimumVisualStudioVersion = 10.0.40219.1
Project("{9A19103F-16F7-4668-BE54-9A1E7A4F7556}") = "JWT.Entities", "JWT.Entities\JWT.Entities.csproj", "{AA989992-C300-4F28-88E0-5EC528E9F791}"
EndProject
Project("{9A19103F-16F7-4668-BE54-9A1E7A4F7556}") = "JWT.DataAccess", "JWT.DataAccess\JWT.DataAccess.csproj", "{F60DC739-39DD-47AE-906B-95E0E850AFAA}"
EndProject
Project("{9A19103F-16F7-4668-BE54-9A1E7A4F7556}") = "JWT.Business", "JWT.Business\JWT.Business.csproj", "{64F73ADE-6F2C-43C9-94A0-78F9C9545C9D}"
EndProject
Project("{9A19103F-16F7-4668-BE54-9A1E7A4F7556}") = "JWT.WebApi", "JWT.WebApi\JWT.WebApi.csproj", "{210D4BF6-43B5-4E3B-98F2-C4686F2A341B}"
EndProject
Project("{FAE04EC0-301F-11D3-BF4B-00C04F79EFBC}") = "JWT.WebApp", "JWT.WebApp\JWT.WebApp.csproj", "{20A7DB5B-FB1A-4A0E-B1AC-B93A4895AC0F}"
EndProject
Global
	GlobalSection(SolutionConfigurationPlatforms) = preSolution
		Debug|Any CPU = Debug|Any CPU
		Release|Any CPU = Release|Any CPU
	EndGlobalSection
	GlobalSection(ProjectConfigurationPlatforms) = postSolution
		{AA989992-C300-4F28-88E0-5EC528E9F791}.Debug|Any CPU.ActiveCfg = Debug|Any CPU
		{AA989992-C300-4F28-88E0-5EC528E9F791}.Debug|Any CPU.Build.0 = Debug|Any CPU
		{AA989992-C300-4F28-88E0-5EC528E9F791}.Release|Any CPU.ActiveCfg = Release|Any CPU
		{AA989992-C300-4F28-88E0-5EC528E9F791}.Release|Any CPU.Build.0 = Release|Any CPU
		{F60DC739-39DD-47AE-906B-95E0E850AFAA}.Debug|Any CPU.ActiveCfg = Debug|Any CPU
		{F60DC739-39DD-47AE-906B-95E0E850AFAA}.Debug|Any CPU.Build.0 = Debug|Any CPU
		{F60DC739-39DD-47AE-906B-95E0E850AFAA}.Release|Any CPU.ActiveCfg = Release|Any CPU
		{F60DC739-39DD-47AE-906B-95E0E850AFAA}.Release|Any CPU.Build.0 = Release|Any CPU
		{64F73ADE-6F2C-43C9-94A0-78F9C9545C9D}.Debug|Any CPU.ActiveCfg = Debug|Any CPU
		{64F73ADE-6F2C-43C9-94A0-78F9C9545C9D}.Debug|Any CPU.Build.0 = Debug|Any CPU
		{64F73ADE-6F2C-43C9-94A0-78F9C9545C9D}.Release|Any CPU.ActiveCfg = Release|Any CPU
		{64F73ADE-6F2C-43C9-94A0-78F9C9545C9D}.Release|Any CPU.Build.0 = Release|Any CPU
		{210D4BF6-43B5-4E3B-98F2-C4686F2A341B}.Debug|Any CPU.ActiveCfg = Debug|Any CPU
		{210D4BF6-43B5-4E3B-98F2-C4686F2A341B}.Debug|Any CPU.Build.0 = Debug|Any CPU
		{210D4BF6-43B5-4E3B-98F2-C4686F2A341B}.Release|Any CPU.ActiveCfg = Release|Any CPU
		{210D4BF6-43B5-4E3B-98F2-C4686F2A341B}.Release|Any CPU.Build.0 = Release|Any CPU
		{20A7DB5B-FB1A-4A0E-B1AC-B93A4895AC0F}.Debug|Any CPU.ActiveCfg = Debug|Any CPU
		{20A7DB5B-FB1A-4A0E-B1AC-B93A4895AC0F}.Debug|Any CPU.Build.0 = Debug|Any CPU
		{20A7DB5B-FB1A-4A0E-B1AC-B93A4895AC0F}.Release|Any CPU.ActiveCfg = Release|Any CPU
		{20A7DB5B-FB1A-4A0E-B1AC-B93A4895AC0F}.Release|Any CPU.Build.0 = Release|Any CPU
	EndGlobalSection
	GlobalSection(SolutionProperties) = preSolution
		HideSolutionNode = FALSE
	EndGlobalSection
	GlobalSection(ExtensibilityGlobals) = postSolution
		SolutionGuid = {CF5EE5EE-6BB3-45B5-9E03-213A316488D1}
	EndGlobalSection
EndGlobal
